
Microsoft Visual Studio Solution File, Format Version 12.00
# Visual Studio Version 17
VisualStudioVersion = 17.7.34202.233
MinimumVisualStudioVersion = 10.0.40219.1
Project("{FAE04EC0-301F-11D3-BF4B-00C04F79EFBC}") = "BookmaniaCoreSwaggerAdoNetProcsProjects", "BookmaniaCoreSwaggerAdoNetProcsProjects\BookmaniaCoreSwaggerAdoNetProcsProjects.csproj", "{77D43A3E-4260-4B1C-AD32-958CBF1E722B}"
EndProject
Global
	GlobalSection(SolutionConfigurationPlatforms) = preSolution
		Debug|Any CPU = Debug|Any CPU
		Release|Any CPU = Release|Any CPU
	EndGlobalSection
	GlobalSection(ProjectConfigurationPlatforms) = postSolution
		{77D43A3E-4260-4B1C-AD32-958CBF1E722B}.Debug|Any CPU.ActiveCfg = Debug|Any CPU
		{77D43A3E-4260-4B1C-AD32-958CBF1E722B}.Debug|Any CPU.Build.0 = Debug|Any CPU
		{77D43A3E-4260-4B1C-AD32-958CBF1E722B}.Release|Any CPU.ActiveCfg = Release|Any CPU
		{77D43A3E-4260-4B1C-AD32-958CBF1E722B}.Release|Any CPU.Build.0 = Release|Any CPU
	EndGlobalSection
	GlobalSection(SolutionProperties) = preSolution
		HideSolutionNode = FALSE
	EndGlobalSection
	GlobalSection(ExtensibilityGlobals) = postSolution
		SolutionGuid = {2F28B7E3-11C5-45E3-BF91-77ABBCA20868}
	EndGlobalSection
EndGlobal
